
Microsoft Visual Studio Solution File, Format Version 12.00
# Visual Studio Version 16
VisualStudioVersion = 16.0.31410.357
MinimumVisualStudioVersion = 10.0.40219.1
Project("{FAE04EC0-301F-11D3-BF4B-00C04F79EFBC}") = "Course", "Course\Course.csproj", "{BE93B148-D0DC-4F99-A3E7-4C1C369B1641}"
EndProject
Global
	GlobalSection(SolutionConfigurationPlatforms) = preSolution
		Debug|Any CPU = Debug|Any CPU
		Release|Any CPU = Release|Any CPU
	EndGlobalSection
	GlobalSection(ProjectConfigurationPlatforms) = postSolution
		{BE93B148-D0DC-4F99-A3E7-4C1C369B1641}.Debug|Any CPU.ActiveCfg = Debug|Any CPU
		{BE93B148-D0DC-4F99-A3E7-4C1C369B1641}.Debug|Any CPU.Build.0 = Debug|Any CPU
		{BE93B148-D0DC-4F99-A3E7-4C1C369B1641}.Release|Any CPU.ActiveCfg = Release|Any CPU
		{BE93B148-D0DC-4F99-A3E7-4C1C369B1641}.Release|Any CPU.Build.0 = Release|Any CPU
	EndGlobalSection
	GlobalSection(SolutionProperties) = preSolution
		HideSolutionNode = FALSE
	EndGlobalSection
	GlobalSection(ExtensibilityGlobals) = postSolution
		SolutionGuid = {7AE2572C-FE5A-4DB4-8C3A-6E231405C08D}
	EndGlobalSection
EndGlobal
